
Microsoft Visual Studio Solution File, Format Version 12.00
# Visual Studio Version 17
VisualStudioVersion = 17.3.32929.385
MinimumVisualStudioVersion = 10.0.40219.1
Project("{FAE04EC0-301F-11D3-BF4B-00C04F79EFBC}") = "Site_Ilian_DanRaul", "Site_Ilian_DanRaul.csproj", "{60C70D42-3F90-4FF8-A7D8-59AC630704CE}"
EndProject
Global
	GlobalSection(SolutionConfigurationPlatforms) = preSolution
		Debug|Any CPU = Debug|Any CPU
		Release|Any CPU = Release|Any CPU
	EndGlobalSection
	GlobalSection(ProjectConfigurationPlatforms) = postSolution
		{60C70D42-3F90-4FF8-A7D8-59AC630704CE}.Debug|Any CPU.ActiveCfg = Debug|Any CPU
		{60C70D42-3F90-4FF8-A7D8-59AC630704CE}.Debug|Any CPU.Build.0 = Debug|Any CPU
		{60C70D42-3F90-4FF8-A7D8-59AC630704CE}.Release|Any CPU.ActiveCfg = Release|Any CPU
		{60C70D42-3F90-4FF8-A7D8-59AC630704CE}.Release|Any CPU.Build.0 = Release|Any CPU
	EndGlobalSection
	GlobalSection(SolutionProperties) = preSolution
		HideSolutionNode = FALSE
	EndGlobalSection
	GlobalSection(ExtensibilityGlobals) = postSolution
		SolutionGuid = {284B47C9-047D-4DF0-AF99-36469C1F6768}
	EndGlobalSection
EndGlobal
